// !$*UTF8*$!
{
	archiveVersion = 1;
	classes = {
	};
	objectVersion = 46;
	objects = {

/* Begin PBXBuildFile section */
		D429044C1AF13EBB00A2A98D /* AppDelegate.swift in Sources */ = {isa = PBXBuildFile; fileRef = D429044B1AF13EBB00A2A98D /* AppDelegate.swift */; };
		D429044E1AF13EBB00A2A98D /* ViewController.swift in Sources */ = {isa = PBXBuildFile; fileRef = D429044D1AF13EBB00A2A98D /* ViewController.swift */; };
		D42904511AF13EBB00A2A98D /* Main.storyboard in Resources */ = {isa = PBXBuildFile; fileRef = D429044F1AF13EBB00A2A98D /* Main.storyboard */; };
		D42904531AF13EBB00A2A98D /* Images.xcassets in Resources */ = {isa = PBXBuildFile; fileRef = D42904521AF13EBB00A2A98D /* Images.xcassets */; };
		D42904561AF13EBB00A2A98D /* LaunchScreen.xib in Resources */ = {isa = PBXBuildFile; fileRef = D42904541AF13EBB00A2A98D /* LaunchScreen.xib */; };
		D42904621AF13EBB00A2A98D /* homeKitExploreTests.swift in Sources */ = {isa = PBXBuildFile; fileRef = D42904611AF13EBB00A2A98D /* homeKitExploreTests.swift */; };
		D429046C1AF13F9600A2A98D /* HomeKit.framework in Frameworks */ = {isa = PBXBuildFile; fileRef = D429046B1AF13F9600A2A98D /* HomeKit.framework */; };
/* End PBXBuildFile section */

/* Begin PBXContainerItemProxy section */
		D429045C1AF13EBB00A2A98D /* PBXContainerItemProxy */ = {
			isa = PBXContainerItemProxy;
			containerPortal = D429043E1AF13EBB00A2A98D /* Project object */;
			proxyType = 1;
			remoteGlobalIDString = D42904451AF13EBB00A2A98D;
			remoteInfo = homeKitExplore;
		};
/* End PBXContainerItemProxy section */

/* Begin PBXFileReference section */
		D42904461AF13EBB00A2A98D /* homeKitExplore.app */ = {isa = PBXFileReference; explicitFileType = wrapper.application; includeInIndex = 0; path = homeKitExplore.app; sourceTree = BUILT_PRODUCTS_DIR; };
		D429044A1AF13EBB00A2A98D /* Info.plist */ = {isa = PBXFileReference; lastKnownFileType = text.plist.xml; path = Info.plist; sourceTree = "<group>"; };
		D429044B1AF13EBB00A2A98D /* AppDelegate.swift */ = {isa = PBXFileReference; lastKnownFileType = sourcecode.swift; path = AppDelegate.swift; sourceTree = "<group>"; };
		D429044D1AF13EBB00A2A98D /* ViewController.swift */ = {isa = PBXFileReference; lastKnownFileType = sourcecode.swift; path = ViewController.swift; sourceTree = "<group>"; };
		D42904501AF13EBB00A2A98D /* Base */ = {isa = PBXFileReference; lastKnownFileType = file.storyboard; name = Base; path = Base.lproj/Main.storyboard; sourceTree = "<group>"; };
		D42904521AF13EBB00A2A98D /* Images.xcassets */ = {isa = PBXFileReference; lastKnownFileType = folder.assetcatalog; path = Images.xcassets; sourceTree = "<group>"; };
		D42904551AF13EBB00A2A98D /* Base */ = {isa = PBXFileReference; lastKnownFileType = file.xib; name = Base; path = Base.lproj/LaunchScreen.xib; sourceTree = "<group>"; };
		D429045B1AF13EBB00A2A98D /* homeKitExploreTests.xctest */ = {isa = PBXFileReference; explicitFileType = wrapper.cfbundle; includeInIndex = 0; path = homeKitExploreTests.xctest; sourceTree = BUILT_PRODUCTS_DIR; };
		D42904601AF13EBB00A2A98D /* Info.plist */ = {isa = PBXFileReference; lastKnownFileType = text.plist.xml; path = Info.plist; sourceTree = "<group>"; };
		D42904611AF13EBB00A2A98D /* homeKitExploreTests.swift */ = {isa = PBXFileReference; lastKnownFileType = sourcecode.swift; path = homeKitExploreTests.swift; sourceTree = "<group>"; };
		D429046B1AF13F9600A2A98D /* HomeKit.framework */ = {isa = PBXFileReference; lastKnownFileType = wrapper.framework; name = HomeKit.framework; path = System/Library/Frameworks/HomeKit.framework; sourceTree = SDKROOT; };
		D429046D1AF13F9600A2A98D /* homeKitExplore.entitlements */ = {isa = PBXFileReference; lastKnownFileType = text.xml; path = homeKitExplore.entitlements; sourceTree = "<group>"; };
/* End PBXFileReference section */

/* Begin PBXFrameworksBuildPhase section */
		D42904431AF13EBB00A2A98D /* Frameworks */ = {
			isa = PBXFrameworksBuildPhase;
			buildActionMask = 2147483647;
			files = (
				D429046C1AF13F9600A2A98D /* HomeKit.framework in Frameworks */,
			);
			runOnlyForDeploymentPostprocessing = 0;
		};
		D42904581AF13EBB00A2A98D /* Frameworks */ = {
			isa = PBXFrameworksBuildPhase;
			buildActionMask = 2147483647;
			files = (
			);
			runOnlyForDeploymentPostprocessing = 0;
		};
/* End PBXFrameworksBuildPhase section */

/* Begin PBXGroup section */
		D429043D1AF13EBB00A2A98D = {
			isa = PBXGroup;
			children = (
				D429046B1AF13F9600A2A98D /* HomeKit.framework */,
				D42904481AF13EBB00A2A98D /* homeKitExplore */,
				D429045E1AF13EBB00A2A98D /* homeKitExploreTests */,
				D42904471AF13EBB00A2A98D /* Products */,
			);
			sourceTree = "<group>";
		};
		D42904471AF13EBB00A2A98D /* Products */ = {
			isa = PBXGroup;
			children = (
				D42904461AF13EBB00A2A98D /* homeKitExplore.app */,
				D429045B1AF13EBB00A2A98D /* homeKitExploreTests.xctest */,
			);
			name = Products;
			sourceTree = "<group>";
		};
		D42904481AF13EBB00A2A98D /* homeKitExplore */ = {
			isa = PBXGroup;
			children = (
				D429046D1AF13F9600A2A98D /* homeKitExplore.entitlements */,
				D429044B1AF13EBB00A2A98D /* AppDelegate.swift */,
				D429044D1AF13EBB00A2A98D /* ViewController.swift */,
				D429044F1AF13EBB00A2A98D /* Main.storyboard */,
				D42904521AF13EBB00A2A98D /* Images.xcassets */,
				D42904541AF13EBB00A2A98D /* LaunchScreen.xib */,
				D42904491AF13EBB00A2A98D /* Supporting Files */,
			);
			path = homeKitExplore;
			sourceTree = "<group>";
		};
		D42904491AF13EBB00A2A98D /* Supporting Files */ = {
			isa = PBXGroup;
			children = (
				D429044A1AF13EBB00A2A98D /* Info.plist */,
			);
			name = "Supporting Files";
			sourceTree = "<group>";
		};
		D429045E1AF13EBB00A2A98D /* homeKitExploreTests */ = {
			isa = PBXGroup;
			children = (
				D42904611AF13EBB00A2A98D /* homeKitExploreTests.swift */,
				D429045F1AF13EBB00A2A98D /* Supporting Files */,
			);
			path = homeKitExploreTests;
			sourceTree = "<group>";
		};
		D429045F1AF13EBB00A2A98D /* Supporting Files */ = {
			isa = PBXGroup;
			children = (
				D42904601AF13EBB00A2A98D /* Info.plist */,
			);
			name = "Supporting Files";
			sourceTree = "<group>";
		};
/* End PBXGroup section */

/* Begin PBXNativeTarget section */
		D42904451AF13EBB00A2A98D /* homeKitExplore */ = {
			isa = PBXNativeTarget;
			buildConfigurationList = D42904651AF13EBB00A2A98D /* Build configuration list for PBXNativeTarget "homeKitExplore" */;
			buildPhases = (
				D42904421AF13EBB00A2A98D /* Sources */,
				D42904431AF13EBB00A2A98D /* Frameworks */,
				D42904441AF13EBB00A2A98D /* Resources */,
			);
			buildRules = (
			);
			dependencies = (
			);
			name = homeKitExplore;
			productName = homeKitExplore;
			productReference = D42904461AF13EBB00A2A98D /* homeKitExplore.app */;
			productType = "com.apple.product-type.application";
		};
		D429045A1AF13EBB00A2A98D /* homeKitExploreTests */ = {
			isa = PBXNativeTarget;
			buildConfigurationList = D42904681AF13EBB00A2A98D /* Build configuration list for PBXNativeTarget "homeKitExploreTests" */;
			buildPhases = (
				D42904571AF13EBB00A2A98D /* Sources */,
				D42904581AF13EBB00A2A98D /* Frameworks */,
				D42904591AF13EBB00A2A98D /* Resources */,
			);
			buildRules = (
			);
			dependencies = (
				D429045D1AF13EBB00A2A98D /* PBXTargetDependency */,
			);
			name = homeKitExploreTests;
			productName = homeKitExploreTests;
			productReference = D429045B1AF13EBB00A2A98D /* homeKitExploreTests.xctest */;
			productType = "com.apple.product-type.bundle.unit-test";
		};
/* End PBXNativeTarget section */

/* Begin PBXProject section */
		D429043E1AF13EBB00A2A98D /* Project object */ = {
			isa = PBXProject;
			attributes = {
				LastUpgradeCheck = 0630;
				ORGANIZATIONNAME = "Spiros Raptis";
				TargetAttributes = {
					D42904451AF13EBB00A2A98D = {
						CreatedOnToolsVersion = 6.3.1;
						DevelopmentTeam = K3U89M2X5J;
						SystemCapabilities = {
							com.apple.HomeKit = {
								enabled = 1;
							};
						};
					};
					D429045A1AF13EBB00A2A98D = {
						CreatedOnToolsVersion = 6.3.1;
						TestTargetID = D42904451AF13EBB00A2A98D;
					};
				};
			};
			buildConfigurationList = D42904411AF13EBB00A2A98D /* Build configuration list for PBXProject "homeKitExplore" */;
			compatibilityVersion = "Xcode 3.2";
			developmentRegion = English;
			hasScannedForEncodings = 0;
			knownRegions = (
				en,
				Base,
			);
			mainGroup = D429043D1AF13EBB00A2A98D;
			productRefGroup = D42904471AF13EBB00A2A98D /* Products */;
			projectDirPath = "";
			projectRoot = "";
			targets = (
				D42904451AF13EBB00A2A98D /* homeKitExplore */,
				D429045A1AF13EBB00A2A98D /* homeKitExploreTests */,
			);
		};
/* End PBXProject section */

/* Begin PBXResourcesBuildPhase section */
		D42904441AF13EBB00A2A98D /* Resources */ = {
			isa = PBXResourcesBuildPhase;
			buildActionMask = 2147483647;
			files = (
				D42904511AF13EBB00A2A98D /* Main.storyboard in Resources */,
				D42904561AF13EBB00A2A98D /* LaunchScreen.xib in Resources */,
				D42904531AF13EBB00A2A98D /* Images.xcassets in Resources */,
			);
			runOnlyForDeploymentPostprocessing = 0;
		};
		D42904591AF13EBB00A2A98D /* Resources */ = {
			isa = PBXResourcesBuildPhase;
			buildActionMask = 2147483647;
			files = (
			);
			runOnlyForDeploymentPostprocessing = 0;
		};
/* End PBXResourcesBuildPhase section */

/* Begin PBXSourcesBuildPhase section */
		D42904421AF13EBB00A2A98D /* Sources */ = {
			isa = PBXSourcesBuildPhase;
			buildActionMask = 2147483647;
			files = (
				D429044E1AF13EBB00A2A98D /* ViewController.swift in Sources */,
				D429044C1AF13EBB00A2A98D /* AppDelegate.swift in Sources */,
			);
			runOnlyForDeploymentPostprocessing = 0;
		};
		D42904571AF13EBB00A2A98D /* Sources */ = {
			isa = PBXSourcesBuildPhase;
			buildActionMask = 2147483647;
			files = (
				D42904621AF13EBB00A2A98D /* homeKitExploreTests.swift in Sources */,
			);
			runOnlyForDeploymentPostprocessing = 0;
		};
/* End PBXSourcesBuildPhase section */

/* Begin PBXTargetDependency section */
		D429045D1AF13EBB00A2A98D /* PBXTargetDependency */ = {
			isa = PBXTargetDependency;
			target = D42904451AF13EBB00A2A98D /* homeKitExplore */;
			targetProxy = D429045C1AF13EBB00A2A98D /* PBXContainerItemProxy */;
		};
/* End PBXTargetDependency section */

/* Begin PBXVariantGroup section */
		D429044F1AF13EBB00A2A98D /* Main.storyboard */ = {
			isa = PBXVariantGroup;
			children = (
				D42904501AF13EBB00A2A98D /* Base */,
			);
			name = Main.storyboard;
			sourceTree = "<group>";
		};
		D42904541AF13EBB00A2A98D /* LaunchScreen.xib */ = {
			isa = PBXVariantGroup;
			children = (
				D42904551AF13EBB00A2A98D /* Base */,
			);
			name = LaunchScreen.xib;
			sourceTree = "<group>";
		};
/* End PBXVariantGroup section */

/* Begin XCBuildConfiguration section */
		D42904631AF13EBB00A2A98D /* Debug */ = {
			isa = XCBuildConfiguration;
			buildSettings = {
				ALWAYS_SEARCH_USER_PATHS = NO;
				CLANG_CXX_LANGUAGE_STANDARD = "gnu++0x";
				CLANG_CXX_LIBRARY = "libc++";
				CLANG_ENABLE_MODULES = YES;
				CLANG_ENABLE_OBJC_ARC = YES;
				CLANG_WARN_BOOL_CONVERSION = YES;
				CLANG_WARN_CONSTANT_CONVERSION = YES;
				CLANG_WARN_DIRECT_OBJC_ISA_USAGE = YES_ERROR;
				CLANG_WARN_EMPTY_BODY = YES;
				CLANG_WARN_ENUM_CONVERSION = YES;
				CLANG_WARN_INT_CONVERSION = YES;
				CLANG_WARN_OBJC_ROOT_CLASS = YES_ERROR;
				CLANG_WARN_UNREACHABLE_CODE = YES;
				CLANG_WARN__DUPLICATE_METHOD_MATCH = YES;
				"CODE_SIGN_IDENTITY[sdk=iphoneos*]" = "iPhone Developer";
				COPY_PHASE_STRIP = NO;
				DEBUG_INFORMATION_FORMAT = "dwarf-with-dsym";
				ENABLE_STRICT_OBJC_MSGSEND = YES;
				GCC_C_LANGUAGE_STANDARD = gnu99;
				GCC_DYNAMIC_NO_PIC = NO;
				GCC_NO_COMMON_BLOCKS = YES;
				GCC_OPTIMIZATION_LEVEL = 0;
				GCC_PREPROCESSOR_DEFINITIONS = (
					"DEBUG=1",
					"$(inherited)",
				);
				GCC_SYMBOLS_PRIVATE_EXTERN = NO;
				GCC_WARN_64_TO_32_BIT_CONVERSION = YES;
				GCC_WARN_ABOUT_RETURN_TYPE = YES_ERROR;
				GCC_WARN_UNDECLARED_SELECTOR = YES;
				GCC_WARN_UNINITIALIZED_AUTOS = YES_AGGRESSIVE;
				GCC_WARN_UNUSED_FUNCTION = YES;
				GCC_WARN_UNUSED_VARIABLE = YES;
				IPHONEOS_DEPLOYMENT_TARGET = 8.3;
				MTL_ENABLE_DEBUG_INFO = YES;
				ONLY_ACTIVE_ARCH = YES;
				SDKROOT = iphoneos;
				SWIFT_OPTIMIZATION_LEVEL = "-Onone";
				TARGETED_DEVICE_FAMILY = "1,2";
			};
			name = Debug;
		};
		D42904641AF13EBB00A2A98D /* Release */ = {
			isa = XCBuildConfiguration;
			buildSettings = {
				ALWAYS_SEARCH_USER_PATHS = NO;
				CLANG_CXX_LANGUAGE_STANDARD = "gnu++0x";
				CLANG_CXX_LIBRARY = "libc++";
				CLANG_ENABLE_MODULES = YES;
				CLANG_ENABLE_OBJC_ARC = YES;
				CLANG_WARN_BOOL_CONVERSION = YES;
				CLANG_WARN_CONSTANT_CONVERSION = YES;
				CLANG_WARN_DIRECT_OBJC_ISA_USAGE = YES_ERROR;
				CLANG_WARN_EMPTY_BODY = YES;
				CLANG_WARN_ENUM_CONVERSION = YES;
				CLANG_WARN_INT_CONVERSION = YES;
				CLANG_WARN_OBJC_ROOT_CLASS = YES_ERROR;
				CLANG_WARN_UNREACHABLE_CODE = YES;
				CLANG_WARN__DUPLICATE_METHOD_MATCH = YES;
				"CODE_SIGN_IDENTITY[sdk=iphoneos*]" = "iPhone Developer";
				COPY_PHASE_STRIP = NO;
				DEBUG_INFORMATION_FORMAT = "dwarf-with-dsym";
				ENABLE_NS_ASSERTIONS = NO;
				ENABLE_STRICT_OBJC_MSGSEND = YES;
				GCC_C_LANGUAGE_STANDARD = gnu99;
				GCC_NO_COMMON_BLOCKS = YES;
				GCC_WARN_64_TO_32_BIT_CONVERSION = YES;
				GCC_WARN_ABOUT_RETURN_TYPE = YES_ERROR;
				GCC_WARN_UNDECLARED_SELECTOR = YES;
				GCC_WARN_UNINITIALIZED_AUTOS = YES_AGGRESSIVE;
				GCC_WARN_UNUSED_FUNCTION = YES;
				GCC_WARN_UNUSED_VARIABLE = YES;
				IPHONEOS_DEPLOYMENT_TARGET = 8.3;
				MTL_ENABLE_DEBUG_INFO = NO;
				SDKROOT = iphoneos;
				TARGETED_DEVICE_FAMILY = "1,2";
				VALIDATE_PRODUCT = YES;
			};
			name = Release;
		};
		D42904661AF13EBB00A2A98D /* Debug */ = {
			isa = XCBuildConfiguration;
			buildSettings = {
				ASSETCATALOG_COMPILER_APPICON_NAME = AppIcon;
				CODE_SIGN_ENTITLEMENTS = homeKitExplore/homeKitExplore.entitlements;
				CODE_SIGN_IDENTITY = "iPhone Developer";
				"CODE_SIGN_IDENTITY[sdk=iphoneos*]" = "iPhone Developer";
				INFOPLIST_FILE = homeKitExplore/Info.plist;
				LD_RUNPATH_SEARCH_PATHS = "$(inherited) @executable_path/Frameworks";
				PRODUCT_NAME = "$(TARGET_NAME)";
				PROVISIONING_PROFILE = "";
			};
			name = Debug;
		};
		D42904671AF13EBB00A2A98D /* Release */ = {
			isa = XCBuildConfiguration;
			buildSettings = {
				ASSETCATALOG_COMPILER_APPICON_NAME = AppIcon;
				CODE_SIGN_ENTITLEMENTS = homeKitExplore/homeKitExplore.entitlements;
				CODE_SIGN_IDENTITY = "iPhone Developer";
				"CODE_SIGN_IDENTITY[sdk=iphoneos*]" = "iPhone Developer";
				INFOPLIST_FILE = homeKitExplore/Info.plist;
				LD_RUNPATH_SEARCH_PATHS = "$(inherited) @executable_path/Frameworks";
				PRODUCT_NAME = "$(TARGET_NAME)";
				PROVISIONING_PROFILE = "";
			};
			name = Release;
		};
		D42904691AF13EBB00A2A98D /* Debug */ = {
			isa = XCBuildConfiguration;
			buildSettings = {
				BUNDLE_LOADER = "$(TEST_HOST)";
				FRAMEWORK_SEARCH_PATHS = (
					"$(SDKROOT)/Developer/Library/Frameworks",
					"$(inherited)",
				);
				GCC_PREPROCESSOR_DEFINITIONS = (
					"DEBUG=1",
					"$(inherited)",
				);
				INFOPLIST_FILE = homeKitExploreTests/Info.plist;
				LD_RUNPATH_SEARCH_PATHS = "$(inherited) @executable_path/Frameworks @loader_path/Frameworks";
				PRODUCT_NAME = "$(TARGET_NAME)";
				TEST_HOST = "$(BUILT_PRODUCTS_DIR)/homeKitExplore.app/homeKitExplore";
			};
			name = Debug;
		};
		D429046A1AF13EBB00A2A98D /* Release */ = {
			isa = XCBuildConfiguration;
			buildSettings = {
				BUNDLE_LOADER = "$(TEST_HOST)";
				FRAMEWORK_SEARCH_PATHS = (
					"$(SDKROOT)/Developer/Library/Frameworks",
					"$(inherited)",
				);
				INFOPLIST_FILE = homeKitExploreTests/Info.plist;
				LD_RUNPATH_SEARCH_PATHS = "$(inherited) @executable_path/Frameworks @loader_path/Frameworks";
				PRODUCT_NAME = "$(TARGET_NAME)";
				TEST_HOST = "$(BUILT_PRODUCTS_DIR)/homeKitExplore.app/homeKitExplore";
			};
			name = Release;
		};
/* End XCBuildConfiguration section */

/* Begin XCConfigurationList section */
		D42904411AF13EBB00A2A98D /* Build configuration list for PBXProject "homeKitExplore" */ = {
			isa = XCConfigurationList;
			buildConfigurations = (
				D42904631AF13EBB00A2A98D /* Debug */,
				D42904641AF13EBB00A2A98D /* Release */,
			);
			defaultConfigurationIsVisible = 0;
			defaultConfigurationName = Release;
		};
		D42904651AF13EBB00A2A98D /* Build configuration list for PBXNativeTarget "homeKitExplore" */ = {
			isa = XCConfigurationList;
			buildConfigurations = (
				D42904661AF13EBB00A2A98D /* Debug */,
				D42904671AF13EBB00A2A98D /* Release */,
			);
			defaultConfigurationIsVisible = 0;
		};
		D42904681AF13EBB00A2A98D /* Build configuration list for PBXNativeTarget "homeKitExploreTests" */ = {
			isa = XCConfigurationList;
			buildConfigurations = (
				D42904691AF13EBB00A2A98D /* Debug */,
				D429046A1AF13EBB00A2A98D /* Release */,
			);
			defaultConfigurationIsVisible = 0;
		};
/* End XCConfigurationList section */
	};
	rootObject = D429043E1AF13EBB00A2A98D /* Project object */;
}
